// !$*UTF8*$!
{
	archiveVersion = 1;
	classes = {
	};
	objectVersion = 50;
	objects = {

/* Begin PBXBuildFile section */
		03C67B51A244299B79438955 /* Pods_TBD.framework in Frameworks */ = {isa = PBXBuildFile; fileRef = 247D4A247F4770FC36831575 /* Pods_TBD.framework */; };
		27992C132100841300F05763 /* AppDelegate.swift in Sources */ = {isa = PBXBuildFile; fileRef = 27992C122100841300F05763 /* AppDelegate.swift */; };
		27992C182100841300F05763 /* Main.storyboard in Resources */ = {isa = PBXBuildFile; fileRef = 27992C162100841300F05763 /* Main.storyboard */; };
		27992C1A2100841500F05763 /* Assets.xcassets in Resources */ = {isa = PBXBuildFile; fileRef = 27992C192100841500F05763 /* Assets.xcassets */; };
		27992C1D2100841500F05763 /* LaunchScreen.storyboard in Resources */ = {isa = PBXBuildFile; fileRef = 27992C1B2100841500F05763 /* LaunchScreen.storyboard */; };
		51E33FE72101300000C7CB27 /* InformationViewController.swift in Sources */ = {isa = PBXBuildFile; fileRef = 51E33FE12100E3ED00C7CB27 /* InformationViewController.swift */; };
		51E33FE82101300900C7CB27 /* CircularTransition.swift in Sources */ = {isa = PBXBuildFile; fileRef = 51E33FE52100F1BD00C7CB27 /* CircularTransition.swift */; };
		51E33FE92101301500C7CB27 /* WebViewController.swift in Sources */ = {isa = PBXBuildFile; fileRef = 51E33FE32100F0D400C7CB27 /* WebViewController.swift */; };
		51E33FEB21014A6F00C7CB27 /* Glossary.plist in Resources */ = {isa = PBXBuildFile; fileRef = 51E33FEA21014A6F00C7CB27 /* Glossary.plist */; };
		51E33FEE2101527300C7CB27 /* GlossaryViewController.swift in Sources */ = {isa = PBXBuildFile; fileRef = 51E33FED2101527300C7CB27 /* GlossaryViewController.swift */; };
		27DB63A82100F782009AECA4 /* MessagesViewController.swift in Sources */ = {isa = PBXBuildFile; fileRef = 27DB63A72100F782009AECA4 /* MessagesViewController.swift */; };
		27DB63AA21011798009AECA4 /* ContactCell.swift in Sources */ = {isa = PBXBuildFile; fileRef = 27DB63A921011798009AECA4 /* ContactCell.swift */; };
		27DB63AD2101466E009AECA4 /* IncomingMessageCell.swift in Sources */ = {isa = PBXBuildFile; fileRef = 27DB63AC2101466E009AECA4 /* IncomingMessageCell.swift */; };
		27DB63AF21014696009AECA4 /* OutgoingMessageCell.swift in Sources */ = {isa = PBXBuildFile; fileRef = 27DB63AE21014696009AECA4 /* OutgoingMessageCell.swift */; };
		27F1C6102100D4F00083B6A7 /* MessagesOverviewViewController.swift in Sources */ = {isa = PBXBuildFile; fileRef = 27F1C60F2100D4F00083B6A7 /* MessagesOverviewViewController.swift */; };
		27F1C6122100D8CC0083B6A7 /* AddContactsViewController.swift in Sources */ = {isa = PBXBuildFile; fileRef = 27F1C6112100D8CC0083B6A7 /* AddContactsViewController.swift */; };
		27F1C6152100DDE90083B6A7 /* PrivateMessageCell.swift in Sources */ = {isa = PBXBuildFile; fileRef = 27F1C6142100DDE90083B6A7 /* PrivateMessageCell.swift */; };
		27F1C6172100DE040083B6A7 /* GroupMessageCell.swift in Sources */ = {isa = PBXBuildFile; fileRef = 27F1C6162100DE040083B6A7 /* GroupMessageCell.swift */; };
		27F1C61A2100DE9D0083B6A7 /* Contact.swift in Sources */ = {isa = PBXBuildFile; fileRef = 27F1C6192100DE9D0083B6A7 /* Contact.swift */; };
		27F1C61C2100DEAC0083B6A7 /* Group.swift in Sources */ = {isa = PBXBuildFile; fileRef = 27F1C61B2100DEAC0083B6A7 /* Group.swift */; };
		27F1C61E2100DEB60083B6A7 /* Message.swift in Sources */ = {isa = PBXBuildFile; fileRef = 27F1C61D2100DEB60083B6A7 /* Message.swift */; };
		633A311B2100D56800C6C253 /* MyFeedViewController.storyboard in Resources */ = {isa = PBXBuildFile; fileRef = 633A311A2100D56800C6C253 /* MyFeedViewController.storyboard */; };
		633A311D2100D5B800C6C253 /* MyFeedViewController.swift in Sources */ = {isa = PBXBuildFile; fileRef = 633A311C2100D5B800C6C253 /* MyFeedViewController.swift */; };
		633A311F2100DF1700C6C253 /* MyFeedHeaderTableViewCell.swift in Sources */ = {isa = PBXBuildFile; fileRef = 633A311E2100DF1700C6C253 /* MyFeedHeaderTableViewCell.swift */; };
		633A31212100DF2800C6C253 /* MyFeedItemTableViewCell.swift in Sources */ = {isa = PBXBuildFile; fileRef = 633A31202100DF2800C6C253 /* MyFeedItemTableViewCell.swift */; };
		633A31232101109400C6C253 /* VideoHelper.swift in Sources */ = {isa = PBXBuildFile; fileRef = 633A31222101109400C6C253 /* VideoHelper.swift */; };
		633A3125210110A800C6C253 /* AVFoundation.framework in Frameworks */ = {isa = PBXBuildFile; fileRef = 633A3124210110A800C6C253 /* AVFoundation.framework */; };
		633A3127210110AE00C6C253 /* MobileCoreServices.framework in Frameworks */ = {isa = PBXBuildFile; fileRef = 633A3126210110AE00C6C253 /* MobileCoreServices.framework */; };
		633A312921017EA900C6C253 /* HeaderTableViewCell.swift in Sources */ = {isa = PBXBuildFile; fileRef = 633A312821017EA900C6C253 /* HeaderTableViewCell.swift */; };
		633A312B21017EB900C6C253 /* ItemDetailsTableViewCell.swift in Sources */ = {isa = PBXBuildFile; fileRef = 633A312A21017EB900C6C253 /* ItemDetailsTableViewCell.swift */; };
		633A312D21017ECA00C6C253 /* CommentsTableViewCell.swift in Sources */ = {isa = PBXBuildFile; fileRef = 633A312C21017ECA00C6C253 /* CommentsTableViewCell.swift */; };
		633A312F2101806300C6C253 /* CommentModel.swift in Sources */ = {isa = PBXBuildFile; fileRef = 633A312E2101806300C6C253 /* CommentModel.swift */; };
		751A59C62100B2ED00E913A8 /* Dashboard.storyboard in Resources */ = {isa = PBXBuildFile; fileRef = 751A59C52100B2ED00E913A8 /* Dashboard.storyboard */; };
		751A59C82100B35900E913A8 /* MySchedule.storyboard in Resources */ = {isa = PBXBuildFile; fileRef = 751A59C72100B35900E913A8 /* MySchedule.storyboard */; };
		751A59CA2100B41600E913A8 /* DirectMessages.storyboard in Resources */ = {isa = PBXBuildFile; fileRef = 751A59C92100B41600E913A8 /* DirectMessages.storyboard */; };
		751A59CC2100B43000E913A8 /* Information.storyboard in Resources */ = {isa = PBXBuildFile; fileRef = 751A59CB2100B43000E913A8 /* Information.storyboard */; };
		751A59CE2100B44800E913A8 /* Settings.storyboard in Resources */ = {isa = PBXBuildFile; fileRef = 751A59CD2100B44800E913A8 /* Settings.storyboard */; };
		751A5A082100D8BD00E913A8 /* ProximaNovaCond-Semibold.otf in Resources */ = {isa = PBXBuildFile; fileRef = 751A59F72100D8BD00E913A8 /* ProximaNovaCond-Semibold.otf */; };
		751A5A092100D8BD00E913A8 /* ProximaNova-Light.otf in Resources */ = {isa = PBXBuildFile; fileRef = 751A59F82100D8BD00E913A8 /* ProximaNova-Light.otf */; };
		751A5A0A2100D8BD00E913A8 /* ProximaNova-Semibold.otf in Resources */ = {isa = PBXBuildFile; fileRef = 751A59F92100D8BD00E913A8 /* ProximaNova-Semibold.otf */; };
		751A5A0B2100D8BD00E913A8 /* ProximaNova-Bold.otf in Resources */ = {isa = PBXBuildFile; fileRef = 751A59FA2100D8BD00E913A8 /* ProximaNova-Bold.otf */; };
		751A5A0C2100D8BD00E913A8 /* ProximaNova-Extrabold.otf in Resources */ = {isa = PBXBuildFile; fileRef = 751A59FB2100D8BD00E913A8 /* ProximaNova-Extrabold.otf */; };
		751A5A0D2100D8BD00E913A8 /* ProximaNova-BoldIt.otf in Resources */ = {isa = PBXBuildFile; fileRef = 751A59FC2100D8BD00E913A8 /* ProximaNova-BoldIt.otf */; };
		751A5A0E2100D8BD00E913A8 /* ProximaNovaCond-LightIt.otf in Resources */ = {isa = PBXBuildFile; fileRef = 751A59FD2100D8BD00E913A8 /* ProximaNovaCond-LightIt.otf */; };
		751A5A0F2100D8BD00E913A8 /* ProximaNova-RegularItalic.otf in Resources */ = {isa = PBXBuildFile; fileRef = 751A59FE2100D8BD00E913A8 /* ProximaNova-RegularItalic.otf */; };
		751A5A102100D8BD00E913A8 /* ProximaNovaCond-SemiboldIt.otf in Resources */ = {isa = PBXBuildFile; fileRef = 751A59FF2100D8BD00E913A8 /* ProximaNovaCond-SemiboldIt.otf */; };
		751A5A112100D8BD00E913A8 /* ProximaNova-RegItalic.otf in Resources */ = {isa = PBXBuildFile; fileRef = 751A5A002100D8BD00E913A8 /* ProximaNova-RegItalic.otf */; };
		751A5A122100D8BD00E913A8 /* ProximaNovaCond-Light.otf in Resources */ = {isa = PBXBuildFile; fileRef = 751A5A012100D8BD00E913A8 /* ProximaNovaCond-Light.otf */; };
		751A5A132100D8BD00E913A8 /* ProximaNova-Black.otf in Resources */ = {isa = PBXBuildFile; fileRef = 751A5A022100D8BD00E913A8 /* ProximaNova-Black.otf */; };
		751A5A142100D8BD00E913A8 /* ProximaNova-Regular.otf in Resources */ = {isa = PBXBuildFile; fileRef = 751A5A032100D8BD00E913A8 /* ProximaNova-Regular.otf */; };
		751A5A152100D8BD00E913A8 /* ProximaNovaCond-RegularIt.otf in Resources */ = {isa = PBXBuildFile; fileRef = 751A5A042100D8BD00E913A8 /* ProximaNovaCond-RegularIt.otf */; };
		751A5A162100D8BD00E913A8 /* ProximaNova-SemiboldItalic.otf in Resources */ = {isa = PBXBuildFile; fileRef = 751A5A052100D8BD00E913A8 /* ProximaNova-SemiboldItalic.otf */; };
		751A5A172100D8BD00E913A8 /* ProximaNovaCond-Regular.otf in Resources */ = {isa = PBXBuildFile; fileRef = 751A5A062100D8BD00E913A8 /* ProximaNovaCond-Regular.otf */; };
		751A5A182100D8BD00E913A8 /* ProximaNova-LightItalic.otf in Resources */ = {isa = PBXBuildFile; fileRef = 751A5A072100D8BD00E913A8 /* ProximaNova-LightItalic.otf */; };
		BE70ADC12100EEBE00585157 /* MyScheduleViewController.swift in Sources */ = {isa = PBXBuildFile; fileRef = BE70ADC02100EEBE00585157 /* MyScheduleViewController.swift */; };
		BE70ADC32101087600585157 /* RoutinesViewController.swift in Sources */ = {isa = PBXBuildFile; fileRef = BE70ADC22101087600585157 /* RoutinesViewController.swift */; };
		BE70ADC521010E8F00585157 /* CalendarViewController.swift in Sources */ = {isa = PBXBuildFile; fileRef = BE70ADC421010E8F00585157 /* CalendarViewController.swift */; };
		756065142100DA4300C9B421 /* DashboardViewController.swift in Sources */ = {isa = PBXBuildFile; fileRef = 756065132100DA4300C9B421 /* DashboardViewController.swift */; };
		756DD8DB2100EC130037FF3C /* PostContent.storyboard in Resources */ = {isa = PBXBuildFile; fileRef = 756DD8DA2100EC130037FF3C /* PostContent.storyboard */; };
		756DD8DD2100EC230037FF3C /* PostContentViewController.swift in Sources */ = {isa = PBXBuildFile; fileRef = 756DD8DC2100EC230037FF3C /* PostContentViewController.swift */; };
		756DD8DF2100EE750037FF3C /* FeedItemModel.swift in Sources */ = {isa = PBXBuildFile; fileRef = 756DD8DE2100EE750037FF3C /* FeedItemModel.swift */; };
		75966F5B210107F600779E78 /* FeedDatasource.swift in Sources */ = {isa = PBXBuildFile; fileRef = 75966F5A210107F600779E78 /* FeedDatasource.swift */; };
		75966F5E21010CCC00779E78 /* MyFeedDetailsTableViewController.swift in Sources */ = {isa = PBXBuildFile; fileRef = 75966F5D21010CCC00779E78 /* MyFeedDetailsTableViewController.swift */; };
		75966F6021010D1000779E78 /* MyFeedDetails.storyboard in Resources */ = {isa = PBXBuildFile; fileRef = 75966F5F21010D1000779E78 /* MyFeedDetails.storyboard */; };
		BE70ADC12100EEBE00585157 /* MyScheduleViewController.swift in Sources */ = {isa = PBXBuildFile; fileRef = BE70ADC02100EEBE00585157 /* MyScheduleViewController.swift */; };
		BE70ADC32101087600585157 /* RoutinesViewController.swift in Sources */ = {isa = PBXBuildFile; fileRef = BE70ADC22101087600585157 /* RoutinesViewController.swift */; };
		BE70ADC521010E8F00585157 /* CalendarViewController.swift in Sources */ = {isa = PBXBuildFile; fileRef = BE70ADC421010E8F00585157 /* CalendarViewController.swift */; };
		BE70ADC82101247C00585157 /* RoundedShadowView.swift in Sources */ = {isa = PBXBuildFile; fileRef = BE70ADC72101247C00585157 /* RoundedShadowView.swift */; };
/* End PBXBuildFile section */

/* Begin PBXFileReference section */
		247D4A247F4770FC36831575 /* Pods_TBD.framework */ = {isa = PBXFileReference; explicitFileType = wrapper.framework; includeInIndex = 0; path = Pods_TBD.framework; sourceTree = BUILT_PRODUCTS_DIR; };
		27992C0F2100841300F05763 /* TBD.app */ = {isa = PBXFileReference; explicitFileType = wrapper.application; includeInIndex = 0; path = TBD.app; sourceTree = BUILT_PRODUCTS_DIR; };
		27992C122100841300F05763 /* AppDelegate.swift */ = {isa = PBXFileReference; lastKnownFileType = sourcecode.swift; path = AppDelegate.swift; sourceTree = "<group>"; };
		27992C172100841300F05763 /* Base */ = {isa = PBXFileReference; lastKnownFileType = file.storyboard; name = Base; path = Base.lproj/Main.storyboard; sourceTree = "<group>"; };
		27992C192100841500F05763 /* Assets.xcassets */ = {isa = PBXFileReference; lastKnownFileType = folder.assetcatalog; path = Assets.xcassets; sourceTree = "<group>"; };
		27992C1C2100841500F05763 /* Base */ = {isa = PBXFileReference; lastKnownFileType = file.storyboard; name = Base; path = Base.lproj/LaunchScreen.storyboard; sourceTree = "<group>"; };
		27992C1E2100841500F05763 /* Info.plist */ = {isa = PBXFileReference; lastKnownFileType = text.plist.xml; path = Info.plist; sourceTree = "<group>"; };
		51E33FE12100E3ED00C7CB27 /* InformationViewController.swift */ = {isa = PBXFileReference; lastKnownFileType = sourcecode.swift; path = InformationViewController.swift; sourceTree = "<group>"; };
		51E33FE32100F0D400C7CB27 /* WebViewController.swift */ = {isa = PBXFileReference; lastKnownFileType = sourcecode.swift; path = WebViewController.swift; sourceTree = "<group>"; };
		51E33FE52100F1BD00C7CB27 /* CircularTransition.swift */ = {isa = PBXFileReference; fileEncoding = 4; lastKnownFileType = sourcecode.swift; path = CircularTransition.swift; sourceTree = "<group>"; };
		51E33FEA21014A6F00C7CB27 /* Glossary.plist */ = {isa = PBXFileReference; lastKnownFileType = text.plist.xml; path = Glossary.plist; sourceTree = "<group>"; };
		51E33FED2101527300C7CB27 /* GlossaryViewController.swift */ = {isa = PBXFileReference; lastKnownFileType = sourcecode.swift; path = GlossaryViewController.swift; sourceTree = "<group>"; };
		27DB63A72100F782009AECA4 /* MessagesViewController.swift */ = {isa = PBXFileReference; lastKnownFileType = sourcecode.swift; path = MessagesViewController.swift; sourceTree = "<group>"; };
		27DB63A921011798009AECA4 /* ContactCell.swift */ = {isa = PBXFileReference; lastKnownFileType = sourcecode.swift; path = ContactCell.swift; sourceTree = "<group>"; };
		27DB63AC2101466E009AECA4 /* IncomingMessageCell.swift */ = {isa = PBXFileReference; lastKnownFileType = sourcecode.swift; path = IncomingMessageCell.swift; sourceTree = "<group>"; };
		27DB63AE21014696009AECA4 /* OutgoingMessageCell.swift */ = {isa = PBXFileReference; lastKnownFileType = sourcecode.swift; path = OutgoingMessageCell.swift; sourceTree = "<group>"; };
		27F1C60F2100D4F00083B6A7 /* MessagesOverviewViewController.swift */ = {isa = PBXFileReference; lastKnownFileType = sourcecode.swift; path = MessagesOverviewViewController.swift; sourceTree = "<group>"; };
		27F1C6112100D8CC0083B6A7 /* AddContactsViewController.swift */ = {isa = PBXFileReference; lastKnownFileType = sourcecode.swift; path = AddContactsViewController.swift; sourceTree = "<group>"; };
		27F1C6142100DDE90083B6A7 /* PrivateMessageCell.swift */ = {isa = PBXFileReference; lastKnownFileType = sourcecode.swift; path = PrivateMessageCell.swift; sourceTree = "<group>"; };
		27F1C6162100DE040083B6A7 /* GroupMessageCell.swift */ = {isa = PBXFileReference; lastKnownFileType = sourcecode.swift; path = GroupMessageCell.swift; sourceTree = "<group>"; };
		27F1C6192100DE9D0083B6A7 /* Contact.swift */ = {isa = PBXFileReference; lastKnownFileType = sourcecode.swift; path = Contact.swift; sourceTree = "<group>"; };
		27F1C61B2100DEAC0083B6A7 /* Group.swift */ = {isa = PBXFileReference; lastKnownFileType = sourcecode.swift; path = Group.swift; sourceTree = "<group>"; };
		27F1C61D2100DEB60083B6A7 /* Message.swift */ = {isa = PBXFileReference; lastKnownFileType = sourcecode.swift; path = Message.swift; sourceTree = "<group>"; };
		633A311A2100D56800C6C253 /* MyFeedViewController.storyboard */ = {isa = PBXFileReference; lastKnownFileType = file.storyboard; path = MyFeedViewController.storyboard; sourceTree = "<group>"; };
		633A311C2100D5B800C6C253 /* MyFeedViewController.swift */ = {isa = PBXFileReference; lastKnownFileType = sourcecode.swift; path = MyFeedViewController.swift; sourceTree = "<group>"; };
		633A311E2100DF1700C6C253 /* MyFeedHeaderTableViewCell.swift */ = {isa = PBXFileReference; lastKnownFileType = sourcecode.swift; path = MyFeedHeaderTableViewCell.swift; sourceTree = "<group>"; };
		633A31202100DF2800C6C253 /* MyFeedItemTableViewCell.swift */ = {isa = PBXFileReference; lastKnownFileType = sourcecode.swift; path = MyFeedItemTableViewCell.swift; sourceTree = "<group>"; };
		633A31222101109400C6C253 /* VideoHelper.swift */ = {isa = PBXFileReference; fileEncoding = 4; lastKnownFileType = sourcecode.swift; path = VideoHelper.swift; sourceTree = "<group>"; };
		633A3124210110A800C6C253 /* AVFoundation.framework */ = {isa = PBXFileReference; lastKnownFileType = wrapper.framework; name = AVFoundation.framework; path = System/Library/Frameworks/AVFoundation.framework; sourceTree = SDKROOT; };
		633A3126210110AE00C6C253 /* MobileCoreServices.framework */ = {isa = PBXFileReference; lastKnownFileType = wrapper.framework; name = MobileCoreServices.framework; path = System/Library/Frameworks/MobileCoreServices.framework; sourceTree = SDKROOT; };
		633A312821017EA900C6C253 /* HeaderTableViewCell.swift */ = {isa = PBXFileReference; lastKnownFileType = sourcecode.swift; path = HeaderTableViewCell.swift; sourceTree = "<group>"; };
		633A312A21017EB900C6C253 /* ItemDetailsTableViewCell.swift */ = {isa = PBXFileReference; lastKnownFileType = sourcecode.swift; path = ItemDetailsTableViewCell.swift; sourceTree = "<group>"; };
		633A312C21017ECA00C6C253 /* CommentsTableViewCell.swift */ = {isa = PBXFileReference; lastKnownFileType = sourcecode.swift; path = CommentsTableViewCell.swift; sourceTree = "<group>"; };
		633A312E2101806300C6C253 /* CommentModel.swift */ = {isa = PBXFileReference; lastKnownFileType = sourcecode.swift; path = CommentModel.swift; sourceTree = "<group>"; };
		751A59C52100B2ED00E913A8 /* Dashboard.storyboard */ = {isa = PBXFileReference; fileEncoding = 4; lastKnownFileType = file.storyboard; path = Dashboard.storyboard; sourceTree = "<group>"; };
		751A59C72100B35900E913A8 /* MySchedule.storyboard */ = {isa = PBXFileReference; fileEncoding = 4; lastKnownFileType = file.storyboard; path = MySchedule.storyboard; sourceTree = "<group>"; };
		751A59C92100B41600E913A8 /* DirectMessages.storyboard */ = {isa = PBXFileReference; fileEncoding = 4; lastKnownFileType = file.storyboard; path = DirectMessages.storyboard; sourceTree = "<group>"; };
		751A59CB2100B43000E913A8 /* Information.storyboard */ = {isa = PBXFileReference; fileEncoding = 4; lastKnownFileType = file.storyboard; path = Information.storyboard; sourceTree = "<group>"; };
		751A59CD2100B44800E913A8 /* Settings.storyboard */ = {isa = PBXFileReference; fileEncoding = 4; lastKnownFileType = file.storyboard; path = Settings.storyboard; sourceTree = "<group>"; };
		751A59F72100D8BD00E913A8 /* ProximaNovaCond-Semibold.otf */ = {isa = PBXFileReference; lastKnownFileType = file; path = "ProximaNovaCond-Semibold.otf"; sourceTree = "<group>"; };
		751A59F82100D8BD00E913A8 /* ProximaNova-Light.otf */ = {isa = PBXFileReference; lastKnownFileType = file; path = "ProximaNova-Light.otf"; sourceTree = "<group>"; };
		751A59F92100D8BD00E913A8 /* ProximaNova-Semibold.otf */ = {isa = PBXFileReference; lastKnownFileType = file; path = "ProximaNova-Semibold.otf"; sourceTree = "<group>"; };
		751A59FA2100D8BD00E913A8 /* ProximaNova-Bold.otf */ = {isa = PBXFileReference; lastKnownFileType = file; path = "ProximaNova-Bold.otf"; sourceTree = "<group>"; };
		751A59FB2100D8BD00E913A8 /* ProximaNova-Extrabold.otf */ = {isa = PBXFileReference; lastKnownFileType = file; path = "ProximaNova-Extrabold.otf"; sourceTree = "<group>"; };
		751A59FC2100D8BD00E913A8 /* ProximaNova-BoldIt.otf */ = {isa = PBXFileReference; lastKnownFileType = file; path = "ProximaNova-BoldIt.otf"; sourceTree = "<group>"; };
		751A59FD2100D8BD00E913A8 /* ProximaNovaCond-LightIt.otf */ = {isa = PBXFileReference; lastKnownFileType = file; path = "ProximaNovaCond-LightIt.otf"; sourceTree = "<group>"; };
		751A59FE2100D8BD00E913A8 /* ProximaNova-RegularItalic.otf */ = {isa = PBXFileReference; lastKnownFileType = file; path = "ProximaNova-RegularItalic.otf"; sourceTree = "<group>"; };
		751A59FF2100D8BD00E913A8 /* ProximaNovaCond-SemiboldIt.otf */ = {isa = PBXFileReference; lastKnownFileType = file; path = "ProximaNovaCond-SemiboldIt.otf"; sourceTree = "<group>"; };
		751A5A002100D8BD00E913A8 /* ProximaNova-RegItalic.otf */ = {isa = PBXFileReference; lastKnownFileType = file; path = "ProximaNova-RegItalic.otf"; sourceTree = "<group>"; };
		751A5A012100D8BD00E913A8 /* ProximaNovaCond-Light.otf */ = {isa = PBXFileReference; lastKnownFileType = file; path = "ProximaNovaCond-Light.otf"; sourceTree = "<group>"; };
		751A5A022100D8BD00E913A8 /* ProximaNova-Black.otf */ = {isa = PBXFileReference; lastKnownFileType = file; path = "ProximaNova-Black.otf"; sourceTree = "<group>"; };
		751A5A032100D8BD00E913A8 /* ProximaNova-Regular.otf */ = {isa = PBXFileReference; lastKnownFileType = file; path = "ProximaNova-Regular.otf"; sourceTree = "<group>"; };
		751A5A042100D8BD00E913A8 /* ProximaNovaCond-RegularIt.otf */ = {isa = PBXFileReference; lastKnownFileType = file; path = "ProximaNovaCond-RegularIt.otf"; sourceTree = "<group>"; };
		751A5A052100D8BD00E913A8 /* ProximaNova-SemiboldItalic.otf */ = {isa = PBXFileReference; lastKnownFileType = file; path = "ProximaNova-SemiboldItalic.otf"; sourceTree = "<group>"; };
		751A5A062100D8BD00E913A8 /* ProximaNovaCond-Regular.otf */ = {isa = PBXFileReference; lastKnownFileType = file; path = "ProximaNovaCond-Regular.otf"; sourceTree = "<group>"; };
		751A5A072100D8BD00E913A8 /* ProximaNova-LightItalic.otf */ = {isa = PBXFileReference; lastKnownFileType = file; path = "ProximaNova-LightItalic.otf"; sourceTree = "<group>"; };
		756065132100DA4300C9B421 /* DashboardViewController.swift */ = {isa = PBXFileReference; fileEncoding = 4; lastKnownFileType = sourcecode.swift; path = DashboardViewController.swift; sourceTree = "<group>"; };
		756DD8DA2100EC130037FF3C /* PostContent.storyboard */ = {isa = PBXFileReference; lastKnownFileType = file.storyboard; path = PostContent.storyboard; sourceTree = "<group>"; };
		756DD8DC2100EC230037FF3C /* PostContentViewController.swift */ = {isa = PBXFileReference; lastKnownFileType = sourcecode.swift; path = PostContentViewController.swift; sourceTree = "<group>"; };
		756DD8DE2100EE750037FF3C /* FeedItemModel.swift */ = {isa = PBXFileReference; lastKnownFileType = sourcecode.swift; path = FeedItemModel.swift; sourceTree = "<group>"; };
		75966F5A210107F600779E78 /* FeedDatasource.swift */ = {isa = PBXFileReference; lastKnownFileType = sourcecode.swift; path = FeedDatasource.swift; sourceTree = "<group>"; };
		75966F5D21010CCC00779E78 /* MyFeedDetailsTableViewController.swift */ = {isa = PBXFileReference; lastKnownFileType = sourcecode.swift; path = MyFeedDetailsTableViewController.swift; sourceTree = "<group>"; };
		75966F5F21010D1000779E78 /* MyFeedDetails.storyboard */ = {isa = PBXFileReference; fileEncoding = 4; lastKnownFileType = file.storyboard; path = MyFeedDetails.storyboard; sourceTree = "<group>"; };
		87F9D5360280F4D279EB21D9 /* Pods-TBD.release.xcconfig */ = {isa = PBXFileReference; includeInIndex = 1; lastKnownFileType = text.xcconfig; name = "Pods-TBD.release.xcconfig"; path = "Pods/Target Support Files/Pods-TBD/Pods-TBD.release.xcconfig"; sourceTree = "<group>"; };
		BE70ADC02100EEBE00585157 /* MyScheduleViewController.swift */ = {isa = PBXFileReference; lastKnownFileType = sourcecode.swift; path = MyScheduleViewController.swift; sourceTree = "<group>"; };
		BE70ADC22101087600585157 /* RoutinesViewController.swift */ = {isa = PBXFileReference; lastKnownFileType = sourcecode.swift; path = RoutinesViewController.swift; sourceTree = "<group>"; };
		BE70ADC421010E8F00585157 /* CalendarViewController.swift */ = {isa = PBXFileReference; lastKnownFileType = sourcecode.swift; path = CalendarViewController.swift; sourceTree = "<group>"; };
		BE70ADC72101247C00585157 /* RoundedShadowView.swift */ = {isa = PBXFileReference; lastKnownFileType = sourcecode.swift; path = RoundedShadowView.swift; sourceTree = "<group>"; };
		E425451493A9A4022C6B075F /* Pods-TBD.debug.xcconfig */ = {isa = PBXFileReference; includeInIndex = 1; lastKnownFileType = text.xcconfig; name = "Pods-TBD.debug.xcconfig"; path = "Pods/Target Support Files/Pods-TBD/Pods-TBD.debug.xcconfig"; sourceTree = "<group>"; };
/* End PBXFileReference section */

/* Begin PBXFrameworksBuildPhase section */
		27992C0C2100841300F05763 /* Frameworks */ = {
			isa = PBXFrameworksBuildPhase;
			buildActionMask = 2147483647;
			files = (
				633A3127210110AE00C6C253 /* MobileCoreServices.framework in Frameworks */,
				633A3125210110A800C6C253 /* AVFoundation.framework in Frameworks */,
				03C67B51A244299B79438955 /* Pods_TBD.framework in Frameworks */,
			);
			runOnlyForDeploymentPostprocessing = 0;
		};
/* End PBXFrameworksBuildPhase section */

/* Begin PBXGroup section */
		27992C062100841300F05763 = {
			isa = PBXGroup;
			children = (
				27992C112100841300F05763 /* TBD */,
				27992C102100841300F05763 /* Products */,
				A74AAB9FB532D4EB87DE11D5 /* Pods */,
				C5DB28BC024D03F6D5E08022 /* Frameworks */,
			);
			sourceTree = "<group>";
		};
		27992C102100841300F05763 /* Products */ = {
			isa = PBXGroup;
			children = (
				27992C0F2100841300F05763 /* TBD.app */,
			);
			name = Products;
			sourceTree = "<group>";
		};
		27992C112100841300F05763 /* TBD */ = {
			isa = PBXGroup;
			children = (
				751A59CF2100B89F00E913A8 /* Resources */,
				751A59D12100B8D900E913A8 /* Classes */,
				27992C1E2100841500F05763 /* Info.plist */,
			);
			path = TBD;
			sourceTree = "<group>";
		};
		51E33FEC21014EF600C7CB27 /* Glossary */ = {
			isa = PBXGroup;
			children = (
				51E33FEA21014A6F00C7CB27 /* Glossary.plist */,
				51E33FED2101527300C7CB27 /* GlossaryViewController.swift */,
			);
			path = Glossary;
			sourceTree = "<group>";
		};
		27DB63AB21012A10009AECA4 /* Chat */ = {
			isa = PBXGroup;
			children = (
				27DB63A72100F782009AECA4 /* MessagesViewController.swift */,
			);
			path = Chat;
			sourceTree = "<group>";
		};
		27F1C6132100DDAD0083B6A7 /* Views */ = {
			isa = PBXGroup;
			children = (
				27F1C6142100DDE90083B6A7 /* PrivateMessageCell.swift */,
				27F1C6162100DE040083B6A7 /* GroupMessageCell.swift */,
				27DB63A921011798009AECA4 /* ContactCell.swift */,
				27DB63AC2101466E009AECA4 /* IncomingMessageCell.swift */,
				27DB63AE21014696009AECA4 /* OutgoingMessageCell.swift */,
			);
			path = Views;
			sourceTree = "<group>";
		};
		27F1C6182100DE840083B6A7 /* Models */ = {
			isa = PBXGroup;
			children = (
				27F1C6192100DE9D0083B6A7 /* Contact.swift */,
				27F1C61B2100DEAC0083B6A7 /* Group.swift */,
				27F1C61D2100DEB60083B6A7 /* Message.swift */,
			);
			path = Models;
			sourceTree = "<group>";
		};
		633A310F2100D09A00C6C253 /* MyFeed */ = {
			isa = PBXGroup;
			children = (
				75966F5C21010CB000779E78 /* Details */,
				756DD8DE2100EE750037FF3C /* FeedItemModel.swift */,
				633A312E2101806300C6C253 /* CommentModel.swift */,
				75966F5A210107F600779E78 /* FeedDatasource.swift */,
				756DD8D92100EBF50037FF3C /* Add */,
				633A311C2100D5B800C6C253 /* MyFeedViewController.swift */,
				633A311A2100D56800C6C253 /* MyFeedViewController.storyboard */,
				633A311E2100DF1700C6C253 /* MyFeedHeaderTableViewCell.swift */,
				633A31202100DF2800C6C253 /* MyFeedItemTableViewCell.swift */,
			);
			path = MyFeed;
			sourceTree = "<group>";
		};
		751A59C02100B1B000E913A8 /* Dashboard */ = {
			isa = PBXGroup;
			children = (
				633A310F2100D09A00C6C253 /* MyFeed */,
				756065132100DA4300C9B421 /* DashboardViewController.swift */,
				751A59C52100B2ED00E913A8 /* Dashboard.storyboard */,
			);
			path = Dashboard;
			sourceTree = "<group>";
		};
		751A59C12100B1B700E913A8 /* My Schedule */ = {
			isa = PBXGroup;
			children = (
				751A59C72100B35900E913A8 /* MySchedule.storyboard */,
				BE70ADC02100EEBE00585157 /* MyScheduleViewController.swift */,
				BE70ADC22101087600585157 /* RoutinesViewController.swift */,
				BE70ADC421010E8F00585157 /* CalendarViewController.swift */,
			);
			path = "My Schedule";
			sourceTree = "<group>";
		};
		751A59C22100B1CE00E913A8 /* Messages */ = {
			isa = PBXGroup;
			children = (
				27DB63AB21012A10009AECA4 /* Chat */,
				751A59C92100B41600E913A8 /* DirectMessages.storyboard */,
				27F1C60F2100D4F00083B6A7 /* MessagesOverviewViewController.swift */,
				27F1C6112100D8CC0083B6A7 /* AddContactsViewController.swift */,
				27F1C6182100DE840083B6A7 /* Models */,
				27F1C6132100DDAD0083B6A7 /* Views */,
			);
			path = Messages;
			sourceTree = "<group>";
		};
		751A59C32100B1DC00E913A8 /* Settings */ = {
			isa = PBXGroup;
			children = (
				751A59CD2100B44800E913A8 /* Settings.storyboard */,
			);
			path = Settings;
			sourceTree = "<group>";
		};
		751A59C42100B1E400E913A8 /* Information */ = {
			isa = PBXGroup;
			children = (
				51E33FEC21014EF600C7CB27 /* Glossary */,
				751A59CB2100B43000E913A8 /* Information.storyboard */,
				51E33FE52100F1BD00C7CB27 /* CircularTransition.swift */,
				51E33FE12100E3ED00C7CB27 /* InformationViewController.swift */,
				51E33FE32100F0D400C7CB27 /* WebViewController.swift */,
			);
			path = Information;
			sourceTree = "<group>";
		};
		751A59CF2100B89F00E913A8 /* Resources */ = {
			isa = PBXGroup;
			children = (
				27992C192100841500F05763 /* Assets.xcassets */,
				27992C1B2100841500F05763 /* LaunchScreen.storyboard */,
				751A59D02100B8B000E913A8 /* Fonts */,
			);
			path = Resources;
			sourceTree = "<group>";
		};
		751A59D02100B8B000E913A8 /* Fonts */ = {
			isa = PBXGroup;
			children = (
				751A59F62100D8BD00E913A8 /* Proxima Nova */,
			);
			path = Fonts;
			sourceTree = "<group>";
		};
		751A59D12100B8D900E913A8 /* Classes */ = {
			isa = PBXGroup;
			children = (
				BE70ADC62101245900585157 /* Helpers */,
				751A59C02100B1B000E913A8 /* Dashboard */,
				751A59C12100B1B700E913A8 /* My Schedule */,
				751A59C22100B1CE00E913A8 /* Messages */,
				751A59C42100B1E400E913A8 /* Information */,
				751A59C32100B1DC00E913A8 /* Settings */,
				27992C122100841300F05763 /* AppDelegate.swift */,
				27992C162100841300F05763 /* Main.storyboard */,
			);
			path = Classes;
			sourceTree = "<group>";
		};
		751A59F62100D8BD00E913A8 /* Proxima Nova */ = {
			isa = PBXGroup;
			children = (
				751A59F72100D8BD00E913A8 /* ProximaNovaCond-Semibold.otf */,
				751A59F82100D8BD00E913A8 /* ProximaNova-Light.otf */,
				751A59F92100D8BD00E913A8 /* ProximaNova-Semibold.otf */,
				751A59FA2100D8BD00E913A8 /* ProximaNova-Bold.otf */,
				751A59FB2100D8BD00E913A8 /* ProximaNova-Extrabold.otf */,
				751A59FC2100D8BD00E913A8 /* ProximaNova-BoldIt.otf */,
				751A59FD2100D8BD00E913A8 /* ProximaNovaCond-LightIt.otf */,
				751A59FE2100D8BD00E913A8 /* ProximaNova-RegularItalic.otf */,
				751A59FF2100D8BD00E913A8 /* ProximaNovaCond-SemiboldIt.otf */,
				751A5A002100D8BD00E913A8 /* ProximaNova-RegItalic.otf */,
				751A5A012100D8BD00E913A8 /* ProximaNovaCond-Light.otf */,
				751A5A022100D8BD00E913A8 /* ProximaNova-Black.otf */,
				751A5A032100D8BD00E913A8 /* ProximaNova-Regular.otf */,
				751A5A042100D8BD00E913A8 /* ProximaNovaCond-RegularIt.otf */,
				751A5A052100D8BD00E913A8 /* ProximaNova-SemiboldItalic.otf */,
				751A5A062100D8BD00E913A8 /* ProximaNovaCond-Regular.otf */,
				751A5A072100D8BD00E913A8 /* ProximaNova-LightItalic.otf */,
			);
			path = "Proxima Nova";
			sourceTree = "<group>";
		};
		756DD8D92100EBF50037FF3C /* Add */ = {
			isa = PBXGroup;
			children = (
				756DD8DA2100EC130037FF3C /* PostContent.storyboard */,
				756DD8DC2100EC230037FF3C /* PostContentViewController.swift */,
				633A31222101109400C6C253 /* VideoHelper.swift */,
			);
			path = Add;
			sourceTree = "<group>";
		};
		75966F5C21010CB000779E78 /* Details */ = {
			isa = PBXGroup;
			children = (
				75966F5F21010D1000779E78 /* MyFeedDetails.storyboard */,
				75966F5D21010CCC00779E78 /* MyFeedDetailsTableViewController.swift */,
				633A312821017EA900C6C253 /* HeaderTableViewCell.swift */,
				633A312A21017EB900C6C253 /* ItemDetailsTableViewCell.swift */,
				633A312C21017ECA00C6C253 /* CommentsTableViewCell.swift */,
			);
			path = Details;
			sourceTree = "<group>";
		};
		A74AAB9FB532D4EB87DE11D5 /* Pods */ = {
			isa = PBXGroup;
			children = (
				E425451493A9A4022C6B075F /* Pods-TBD.debug.xcconfig */,
				87F9D5360280F4D279EB21D9 /* Pods-TBD.release.xcconfig */,
			);
			name = Pods;
			sourceTree = "<group>";
		};
		BE70ADC62101245900585157 /* Helpers */ = {
			isa = PBXGroup;
			children = (
				BE70ADC72101247C00585157 /* RoundedShadowView.swift */,
			);
			path = Helpers;
			sourceTree = "<group>";
		};
		C5DB28BC024D03F6D5E08022 /* Frameworks */ = {
			isa = PBXGroup;
			children = (
				633A3126210110AE00C6C253 /* MobileCoreServices.framework */,
				633A3124210110A800C6C253 /* AVFoundation.framework */,
				247D4A247F4770FC36831575 /* Pods_TBD.framework */,
			);
			name = Frameworks;
			sourceTree = "<group>";
		};
/* End PBXGroup section */

/* Begin PBXNativeTarget section */
		27992C0E2100841300F05763 /* TBD */ = {
			isa = PBXNativeTarget;
			buildConfigurationList = 27992C212100841500F05763 /* Build configuration list for PBXNativeTarget "TBD" */;
			buildPhases = (
				A8F6F307D16C66CC123270C9 /* [CP] Check Pods Manifest.lock */,
				27992C0B2100841300F05763 /* Sources */,
				27992C0C2100841300F05763 /* Frameworks */,
				27992C0D2100841300F05763 /* Resources */,
				49D762FE2A571FC320945FA6 /* [CP] Embed Pods Frameworks */,
			);
			buildRules = (
			);
			dependencies = (
			);
			name = TBD;
			productName = TBD;
			productReference = 27992C0F2100841300F05763 /* TBD.app */;
			productType = "com.apple.product-type.application";
		};
/* End PBXNativeTarget section */

/* Begin PBXProject section */
		27992C072100841300F05763 /* Project object */ = {
			isa = PBXProject;
			attributes = {
				LastSwiftUpdateCheck = 0940;
				LastUpgradeCheck = 0940;
				ORGANIZATIONNAME = "Shivering Singletons";
				TargetAttributes = {
					27992C0E2100841300F05763 = {
						CreatedOnToolsVersion = 9.4.1;
					};
				};
			};
			buildConfigurationList = 27992C0A2100841300F05763 /* Build configuration list for PBXProject "TBD" */;
			compatibilityVersion = "Xcode 9.3";
			developmentRegion = en;
			hasScannedForEncodings = 0;
			knownRegions = (
				en,
				Base,
			);
			mainGroup = 27992C062100841300F05763;
			productRefGroup = 27992C102100841300F05763 /* Products */;
			projectDirPath = "";
			projectRoot = "";
			targets = (
				27992C0E2100841300F05763 /* TBD */,
			);
		};
/* End PBXProject section */

/* Begin PBXResourcesBuildPhase section */
		27992C0D2100841300F05763 /* Resources */ = {
			isa = PBXResourcesBuildPhase;
			buildActionMask = 2147483647;
			files = (
				27992C1D2100841500F05763 /* LaunchScreen.storyboard in Resources */,
				751A5A172100D8BD00E913A8 /* ProximaNovaCond-Regular.otf in Resources */,
				27992C1A2100841500F05763 /* Assets.xcassets in Resources */,
				751A5A082100D8BD00E913A8 /* ProximaNovaCond-Semibold.otf in Resources */,
				751A5A162100D8BD00E913A8 /* ProximaNova-SemiboldItalic.otf in Resources */,
				27992C182100841300F05763 /* Main.storyboard in Resources */,
				751A5A0D2100D8BD00E913A8 /* ProximaNova-BoldIt.otf in Resources */,
				75966F6021010D1000779E78 /* MyFeedDetails.storyboard in Resources */,
				751A5A0C2100D8BD00E913A8 /* ProximaNova-Extrabold.otf in Resources */,
				751A5A132100D8BD00E913A8 /* ProximaNova-Black.otf in Resources */,
				633A311B2100D56800C6C253 /* MyFeedViewController.storyboard in Resources */,
				751A59CE2100B44800E913A8 /* Settings.storyboard in Resources */,
				751A5A142100D8BD00E913A8 /* ProximaNova-Regular.otf in Resources */,
				751A5A0E2100D8BD00E913A8 /* ProximaNovaCond-LightIt.otf in Resources */,
				751A5A0A2100D8BD00E913A8 /* ProximaNova-Semibold.otf in Resources */,
				751A5A112100D8BD00E913A8 /* ProximaNova-RegItalic.otf in Resources */,
				751A5A092100D8BD00E913A8 /* ProximaNova-Light.otf in Resources */,
				751A5A102100D8BD00E913A8 /* ProximaNovaCond-SemiboldIt.otf in Resources */,
				51E33FEB21014A6F00C7CB27 /* Glossary.plist in Resources */,
				751A59CC2100B43000E913A8 /* Information.storyboard in Resources */,
				751A59C62100B2ED00E913A8 /* Dashboard.storyboard in Resources */,
				751A5A0B2100D8BD00E913A8 /* ProximaNova-Bold.otf in Resources */,
				751A5A182100D8BD00E913A8 /* ProximaNova-LightItalic.otf in Resources */,
				751A5A0F2100D8BD00E913A8 /* ProximaNova-RegularItalic.otf in Resources */,
				756DD8DB2100EC130037FF3C /* PostContent.storyboard in Resources */,
				751A59C82100B35900E913A8 /* MySchedule.storyboard in Resources */,
				751A59CA2100B41600E913A8 /* DirectMessages.storyboard in Resources */,
				751A5A152100D8BD00E913A8 /* ProximaNovaCond-RegularIt.otf in Resources */,
				751A5A122100D8BD00E913A8 /* ProximaNovaCond-Light.otf in Resources */,
			);
			runOnlyForDeploymentPostprocessing = 0;
		};
/* End PBXResourcesBuildPhase section */

/* Begin PBXShellScriptBuildPhase section */
		49D762FE2A571FC320945FA6 /* [CP] Embed Pods Frameworks */ = {
			isa = PBXShellScriptBuildPhase;
			buildActionMask = 2147483647;
			files = (
			);
			inputPaths = (
				"${SRCROOT}/Pods/Target Support Files/Pods-TBD/Pods-TBD-frameworks.sh",
				"${BUILT_PRODUCTS_DIR}/NextGrowingTextView/NextGrowingTextView.framework",
			);
			name = "[CP] Embed Pods Frameworks";
			outputPaths = (
				"${TARGET_BUILD_DIR}/${FRAMEWORKS_FOLDER_PATH}/NextGrowingTextView.framework",
			);
			runOnlyForDeploymentPostprocessing = 0;
			shellPath = /bin/sh;
			shellScript = "\"${SRCROOT}/Pods/Target Support Files/Pods-TBD/Pods-TBD-frameworks.sh\"\n";
			showEnvVarsInLog = 0;
		};
		A8F6F307D16C66CC123270C9 /* [CP] Check Pods Manifest.lock */ = {
			isa = PBXShellScriptBuildPhase;
			buildActionMask = 2147483647;
			files = (
			);
			inputPaths = (
				"${PODS_PODFILE_DIR_PATH}/Podfile.lock",
				"${PODS_ROOT}/Manifest.lock",
			);
			name = "[CP] Check Pods Manifest.lock";
			outputPaths = (
				"$(DERIVED_FILE_DIR)/Pods-TBD-checkManifestLockResult.txt",
			);
			runOnlyForDeploymentPostprocessing = 0;
			shellPath = /bin/sh;
			shellScript = "diff \"${PODS_PODFILE_DIR_PATH}/Podfile.lock\" \"${PODS_ROOT}/Manifest.lock\" > /dev/null\nif [ $? != 0 ] ; then\n    # print error to STDERR\n    echo \"error: The sandbox is not in sync with the Podfile.lock. Run 'pod install' or update your CocoaPods installation.\" >&2\n    exit 1\nfi\n# This output is used by Xcode 'outputs' to avoid re-running this script phase.\necho \"SUCCESS\" > \"${SCRIPT_OUTPUT_FILE_0}\"\n";
			showEnvVarsInLog = 0;
		};
/* End PBXShellScriptBuildPhase section */

/* Begin PBXSourcesBuildPhase section */
		27992C0B2100841300F05763 /* Sources */ = {
			isa = PBXSourcesBuildPhase;
			buildActionMask = 2147483647;
			files = (
				27DB63AA21011798009AECA4 /* ContactCell.swift in Sources */,
				27F1C61C2100DEAC0083B6A7 /* Group.swift in Sources */,
				27F1C61A2100DE9D0083B6A7 /* Contact.swift in Sources */,
				27F1C6122100D8CC0083B6A7 /* AddContactsViewController.swift in Sources */,
				27DB63A82100F782009AECA4 /* MessagesViewController.swift in Sources */,
				633A312F2101806300C6C253 /* CommentModel.swift in Sources */,
				27DB63AF21014696009AECA4 /* OutgoingMessageCell.swift in Sources */,
				27F1C6102100D4F00083B6A7 /* MessagesOverviewViewController.swift in Sources */,
				27F1C6172100DE040083B6A7 /* GroupMessageCell.swift in Sources */,
				27F1C61E2100DEB60083B6A7 /* Message.swift in Sources */,
				633A31212100DF2800C6C253 /* MyFeedItemTableViewCell.swift in Sources */,
				633A311F2100DF1700C6C253 /* MyFeedHeaderTableViewCell.swift in Sources */,
				633A312D21017ECA00C6C253 /* CommentsTableViewCell.swift in Sources */,
				756DD8DF2100EE750037FF3C /* FeedItemModel.swift in Sources */,
				633A31232101109400C6C253 /* VideoHelper.swift in Sources */,
				756DD8DD2100EC230037FF3C /* PostContentViewController.swift in Sources */,
				75966F5E21010CCC00779E78 /* MyFeedDetailsTableViewController.swift in Sources */,
				633A311D2100D5B800C6C253 /* MyFeedViewController.swift in Sources */,
				BE70ADC521010E8F00585157 /* CalendarViewController.swift in Sources */,
				51E33FE82101300900C7CB27 /* CircularTransition.swift in Sources */,
				51E33FEE2101527300C7CB27 /* GlossaryViewController.swift in Sources */,
				27DB63AD2101466E009AECA4 /* IncomingMessageCell.swift in Sources */,
				27992C132100841300F05763 /* AppDelegate.swift in Sources */,
				633A312B21017EB900C6C253 /* ItemDetailsTableViewCell.swift in Sources */,
				27F1C6152100DDE90083B6A7 /* PrivateMessageCell.swift in Sources */,
				633A312921017EA900C6C253 /* HeaderTableViewCell.swift in Sources */,
				75966F5B210107F600779E78 /* FeedDatasource.swift in Sources */,
				756065142100DA4300C9B421 /* DashboardViewController.swift in Sources */,
				BE70ADC32101087600585157 /* RoutinesViewController.swift in Sources */,
				51E33FE92101301500C7CB27 /* WebViewController.swift in Sources */,
				BE70ADC12100EEBE00585157 /* MyScheduleViewController.swift in Sources */,
				51E33FE72101300000C7CB27 /* InformationViewController.swift in Sources */,
				BE70ADC82101247C00585157 /* RoundedShadowView.swift in Sources */,
			);
			runOnlyForDeploymentPostprocessing = 0;
		};
/* End PBXSourcesBuildPhase section */

/* Begin PBXVariantGroup section */
		27992C162100841300F05763 /* Main.storyboard */ = {
			isa = PBXVariantGroup;
			children = (
				27992C172100841300F05763 /* Base */,
			);
			name = Main.storyboard;
			sourceTree = "<group>";
		};
		27992C1B2100841500F05763 /* LaunchScreen.storyboard */ = {
			isa = PBXVariantGroup;
			children = (
				27992C1C2100841500F05763 /* Base */,
			);
			name = LaunchScreen.storyboard;
			sourceTree = "<group>";
		};
/* End PBXVariantGroup section */

/* Begin XCBuildConfiguration section */
		27992C1F2100841500F05763 /* Debug */ = {
			isa = XCBuildConfiguration;
			buildSettings = {
				ALWAYS_SEARCH_USER_PATHS = NO;
				CLANG_ANALYZER_NONNULL = YES;
				CLANG_ANALYZER_NUMBER_OBJECT_CONVERSION = YES_AGGRESSIVE;
				CLANG_CXX_LANGUAGE_STANDARD = "gnu++14";
				CLANG_CXX_LIBRARY = "libc++";
				CLANG_ENABLE_MODULES = YES;
				CLANG_ENABLE_OBJC_ARC = YES;
				CLANG_ENABLE_OBJC_WEAK = YES;
				CLANG_WARN_BLOCK_CAPTURE_AUTORELEASING = YES;
				CLANG_WARN_BOOL_CONVERSION = YES;
				CLANG_WARN_COMMA = YES;
				CLANG_WARN_CONSTANT_CONVERSION = YES;
				CLANG_WARN_DEPRECATED_OBJC_IMPLEMENTATIONS = YES;
				CLANG_WARN_DIRECT_OBJC_ISA_USAGE = YES_ERROR;
				CLANG_WARN_DOCUMENTATION_COMMENTS = YES;
				CLANG_WARN_EMPTY_BODY = YES;
				CLANG_WARN_ENUM_CONVERSION = YES;
				CLANG_WARN_INFINITE_RECURSION = YES;
				CLANG_WARN_INT_CONVERSION = YES;
				CLANG_WARN_NON_LITERAL_NULL_CONVERSION = YES;
				CLANG_WARN_OBJC_IMPLICIT_RETAIN_SELF = YES;
				CLANG_WARN_OBJC_LITERAL_CONVERSION = YES;
				CLANG_WARN_OBJC_ROOT_CLASS = YES_ERROR;
				CLANG_WARN_RANGE_LOOP_ANALYSIS = YES;
				CLANG_WARN_STRICT_PROTOTYPES = YES;
				CLANG_WARN_SUSPICIOUS_MOVE = YES;
				CLANG_WARN_UNGUARDED_AVAILABILITY = YES_AGGRESSIVE;
				CLANG_WARN_UNREACHABLE_CODE = YES;
				CLANG_WARN__DUPLICATE_METHOD_MATCH = YES;
				CODE_SIGN_IDENTITY = "iPhone Developer";
				COPY_PHASE_STRIP = NO;
				DEBUG_INFORMATION_FORMAT = dwarf;
				ENABLE_STRICT_OBJC_MSGSEND = YES;
				ENABLE_TESTABILITY = YES;
				GCC_C_LANGUAGE_STANDARD = gnu11;
				GCC_DYNAMIC_NO_PIC = NO;
				GCC_NO_COMMON_BLOCKS = YES;
				GCC_OPTIMIZATION_LEVEL = 0;
				GCC_PREPROCESSOR_DEFINITIONS = (
					"DEBUG=1",
					"$(inherited)",
				);
				GCC_WARN_64_TO_32_BIT_CONVERSION = YES;
				GCC_WARN_ABOUT_RETURN_TYPE = YES_ERROR;
				GCC_WARN_UNDECLARED_SELECTOR = YES;
				GCC_WARN_UNINITIALIZED_AUTOS = YES_AGGRESSIVE;
				GCC_WARN_UNUSED_FUNCTION = YES;
				GCC_WARN_UNUSED_VARIABLE = YES;
				IPHONEOS_DEPLOYMENT_TARGET = 11.4;
				MTL_ENABLE_DEBUG_INFO = YES;
				ONLY_ACTIVE_ARCH = YES;
				SDKROOT = iphoneos;
				SWIFT_ACTIVE_COMPILATION_CONDITIONS = DEBUG;
				SWIFT_OPTIMIZATION_LEVEL = "-Onone";
			};
			name = Debug;
		};
		27992C202100841500F05763 /* Release */ = {
			isa = XCBuildConfiguration;
			buildSettings = {
				ALWAYS_SEARCH_USER_PATHS = NO;
				CLANG_ANALYZER_NONNULL = YES;
				CLANG_ANALYZER_NUMBER_OBJECT_CONVERSION = YES_AGGRESSIVE;
				CLANG_CXX_LANGUAGE_STANDARD = "gnu++14";
				CLANG_CXX_LIBRARY = "libc++";
				CLANG_ENABLE_MODULES = YES;
				CLANG_ENABLE_OBJC_ARC = YES;
				CLANG_ENABLE_OBJC_WEAK = YES;
				CLANG_WARN_BLOCK_CAPTURE_AUTORELEASING = YES;
				CLANG_WARN_BOOL_CONVERSION = YES;
				CLANG_WARN_COMMA = YES;
				CLANG_WARN_CONSTANT_CONVERSION = YES;
				CLANG_WARN_DEPRECATED_OBJC_IMPLEMENTATIONS = YES;
				CLANG_WARN_DIRECT_OBJC_ISA_USAGE = YES_ERROR;
				CLANG_WARN_DOCUMENTATION_COMMENTS = YES;
				CLANG_WARN_EMPTY_BODY = YES;
				CLANG_WARN_ENUM_CONVERSION = YES;
				CLANG_WARN_INFINITE_RECURSION = YES;
				CLANG_WARN_INT_CONVERSION = YES;
				CLANG_WARN_NON_LITERAL_NULL_CONVERSION = YES;
				CLANG_WARN_OBJC_IMPLICIT_RETAIN_SELF = YES;
				CLANG_WARN_OBJC_LITERAL_CONVERSION = YES;
				CLANG_WARN_OBJC_ROOT_CLASS = YES_ERROR;
				CLANG_WARN_RANGE_LOOP_ANALYSIS = YES;
				CLANG_WARN_STRICT_PROTOTYPES = YES;
				CLANG_WARN_SUSPICIOUS_MOVE = YES;
				CLANG_WARN_UNGUARDED_AVAILABILITY = YES_AGGRESSIVE;
				CLANG_WARN_UNREACHABLE_CODE = YES;
				CLANG_WARN__DUPLICATE_METHOD_MATCH = YES;
				CODE_SIGN_IDENTITY = "iPhone Developer";
				COPY_PHASE_STRIP = NO;
				DEBUG_INFORMATION_FORMAT = "dwarf-with-dsym";
				ENABLE_NS_ASSERTIONS = NO;
				ENABLE_STRICT_OBJC_MSGSEND = YES;
				GCC_C_LANGUAGE_STANDARD = gnu11;
				GCC_NO_COMMON_BLOCKS = YES;
				GCC_WARN_64_TO_32_BIT_CONVERSION = YES;
				GCC_WARN_ABOUT_RETURN_TYPE = YES_ERROR;
				GCC_WARN_UNDECLARED_SELECTOR = YES;
				GCC_WARN_UNINITIALIZED_AUTOS = YES_AGGRESSIVE;
				GCC_WARN_UNUSED_FUNCTION = YES;
				GCC_WARN_UNUSED_VARIABLE = YES;
				IPHONEOS_DEPLOYMENT_TARGET = 11.4;
				MTL_ENABLE_DEBUG_INFO = NO;
				SDKROOT = iphoneos;
				SWIFT_COMPILATION_MODE = wholemodule;
				SWIFT_OPTIMIZATION_LEVEL = "-O";
				VALIDATE_PRODUCT = YES;
			};
			name = Release;
		};
		27992C222100841500F05763 /* Debug */ = {
			isa = XCBuildConfiguration;
			baseConfigurationReference = E425451493A9A4022C6B075F /* Pods-TBD.debug.xcconfig */;
			buildSettings = {
				ASSETCATALOG_COMPILER_APPICON_NAME = AppIcon;
				CODE_SIGN_STYLE = Automatic;
				DEVELOPMENT_TEAM = 6E245HX4RD;
				INFOPLIST_FILE = TBD/Info.plist;
				LD_RUNPATH_SEARCH_PATHS = (
					"$(inherited)",
					"@executable_path/Frameworks",
				);
				PRODUCT_BUNDLE_IDENTIFIER = com.shiveringsingletons.TBDFlorin;
				PRODUCT_NAME = "$(TARGET_NAME)";
				SWIFT_VERSION = 4.0;
				TARGETED_DEVICE_FAMILY = "1,2";
			};
			name = Debug;
		};
		27992C232100841500F05763 /* Release */ = {
			isa = XCBuildConfiguration;
			baseConfigurationReference = 87F9D5360280F4D279EB21D9 /* Pods-TBD.release.xcconfig */;
			buildSettings = {
				ASSETCATALOG_COMPILER_APPICON_NAME = AppIcon;
				CODE_SIGN_STYLE = Automatic;
				DEVELOPMENT_TEAM = 6E245HX4RD;
				INFOPLIST_FILE = TBD/Info.plist;
				LD_RUNPATH_SEARCH_PATHS = (
					"$(inherited)",
					"@executable_path/Frameworks",
				);
				PRODUCT_BUNDLE_IDENTIFIER = com.shiveringsingletons.TBDFlorin;
				PRODUCT_NAME = "$(TARGET_NAME)";
				SWIFT_VERSION = 4.0;
				TARGETED_DEVICE_FAMILY = "1,2";
			};
			name = Release;
		};
/* End XCBuildConfiguration section */

/* Begin XCConfigurationList section */
		27992C0A2100841300F05763 /* Build configuration list for PBXProject "TBD" */ = {
			isa = XCConfigurationList;
			buildConfigurations = (
				27992C1F2100841500F05763 /* Debug */,
				27992C202100841500F05763 /* Release */,
			);
			defaultConfigurationIsVisible = 0;
			defaultConfigurationName = Release;
		};
		27992C212100841500F05763 /* Build configuration list for PBXNativeTarget "TBD" */ = {
			isa = XCConfigurationList;
			buildConfigurations = (
				27992C222100841500F05763 /* Debug */,
				27992C232100841500F05763 /* Release */,
			);
			defaultConfigurationIsVisible = 0;
			defaultConfigurationName = Release;
		};
/* End XCConfigurationList section */
	};
	rootObject = 27992C072100841300F05763 /* Project object */;
}
